
Microsoft Visual Studio Solution File, Format Version 12.00
# Visual Studio Version 17
VisualStudioVersion = 17.13.35931.197 d17.13
MinimumVisualStudioVersion = 10.0.40219.1
Project("{FAE04EC0-301F-11D3-BF4B-00C04F79EFBC}") = "MyLibraryMvcApp", "MyLibraryMvcApp\MyLibraryMvcApp.csproj", "{82ED70EA-A6FC-41E6-8E47-26BF9F87A062}"
EndProject
Global
	GlobalSection(SolutionConfigurationPlatforms) = preSolution
		Debug|Any CPU = Debug|Any CPU
		Release|Any CPU = Release|Any CPU
	EndGlobalSection
	GlobalSection(ProjectConfigurationPlatforms) = postSolution
		{82ED70EA-A6FC-41E6-8E47-26BF9F87A062}.Debug|Any CPU.ActiveCfg = Debug|Any CPU
		{82ED70EA-A6FC-41E6-8E47-26BF9F87A062}.Debug|Any CPU.Build.0 = Debug|Any CPU
		{82ED70EA-A6FC-41E6-8E47-26BF9F87A062}.Release|Any CPU.ActiveCfg = Release|Any CPU
		{82ED70EA-A6FC-41E6-8E47-26BF9F87A062}.Release|Any CPU.Build.0 = Release|Any CPU
	EndGlobalSection
	GlobalSection(SolutionProperties) = preSolution
		HideSolutionNode = FALSE
	EndGlobalSection
	GlobalSection(ExtensibilityGlobals) = postSolution
		SolutionGuid = {09D1CF02-1613-4BAF-BCCB-41D18B4587B3}
	EndGlobalSection
EndGlobal
